# This file is automatically @generated by Cargo.
# It is not intended for manual editing.
version = 4

[[package]]
name = "wpe-backend"
version = "0.1.0"
dependencies = [
 "wpe-compat",
]

[[package]]
name = "wpe-compat"
version = "0.1.0"

[[package]]
name = "wpe-contract-tests"
version = "0.1.0"
dependencies = [
 "wpe-backend",
 "wpe-compat",
 "wpe-render-core",
]

[[package]]
name = "wpe-render-core"
version = "0.1.0"
dependencies = [
 "wpe-backend",
 "wpe-compat",
]
